
Microsoft Visual Studio Solution File, Format Version 12.00
# Visual Studio 15
VisualStudioVersion = 15.0.27004.2005
MinimumVisualStudioVersion = 10.0.40219.1
Project("{FAE04EC0-301F-11D3-BF4B-00C04F79EFBC}") = "Dimension", "Dimension\Dimension.csproj", "{24940725-7906-4723-819F-94A361CAA688}"
EndProject
Project("{FAE04EC0-301F-11D3-BF4B-00C04F79EFBC}") = "Updater", "Updater\Updater.csproj", "{B842E979-AE63-41B0-A8A4-1520D001711F}"
EndProject
Global
	GlobalSection(SolutionConfigurationPlatforms) = preSolution
		Debug|Any CPU = Debug|Any CPU
		Debug|x64 = Debug|x64
		Debug|x86 = Debug|x86
		Release|Any CPU = Release|Any CPU
		Release|x64 = Release|x64
		Release|x86 = Release|x86
	EndGlobalSection
	GlobalSection(ProjectConfigurationPlatforms) = postSolution
		{24940725-7906-4723-819F-94A361CAA688}.Debug|Any CPU.ActiveCfg = Debug|Any CPU
		{24940725-7906-4723-819F-94A361CAA688}.Debug|Any CPU.Build.0 = Debug|Any CPU
		{24940725-7906-4723-819F-94A361CAA688}.Debug|x64.ActiveCfg = Debug|x64
		{24940725-7906-4723-819F-94A361CAA688}.Debug|x64.Build.0 = Debug|x64
		{24940725-7906-4723-819F-94A361CAA688}.Debug|x86.ActiveCfg = Debug|x86
		{24940725-7906-4723-819F-94A361CAA688}.Debug|x86.Build.0 = Debug|x86
		{24940725-7906-4723-819F-94A361CAA688}.Release|Any CPU.ActiveCfg = Release|Any CPU
		{24940725-7906-4723-819F-94A361CAA688}.Release|Any CPU.Build.0 = Release|Any CPU
		{24940725-7906-4723-819F-94A361CAA688}.Release|x64.ActiveCfg = Release|x64
		{24940725-7906-4723-819F-94A361CAA688}.Release|x64.Build.0 = Release|x64
		{24940725-7906-4723-819F-94A361CAA688}.Release|x86.ActiveCfg = Release|x86
		{24940725-7906-4723-819F-94A361CAA688}.Release|x86.Build.0 = Release|x86
		{B842E979-AE63-41B0-A8A4-1520D001711F}.Debug|Any CPU.ActiveCfg = Debug|Any CPU
		{B842E979-AE63-41B0-A8A4-1520D001711F}.Debug|Any CPU.Build.0 = Debug|Any CPU
		{B842E979-AE63-41B0-A8A4-1520D001711F}.Debug|x64.ActiveCfg = Debug|Any CPU
		{B842E979-AE63-41B0-A8A4-1520D001711F}.Debug|x64.Build.0 = Debug|Any CPU
		{B842E979-AE63-41B0-A8A4-1520D001711F}.Debug|x86.ActiveCfg = Debug|Any CPU
		{B842E979-AE63-41B0-A8A4-1520D001711F}.Debug|x86.Build.0 = Debug|Any CPU
		{B842E979-AE63-41B0-A8A4-1520D001711F}.Release|Any CPU.ActiveCfg = Release|Any CPU
		{B842E979-AE63-41B0-A8A4-1520D001711F}.Release|Any CPU.Build.0 = Release|Any CPU
		{B842E979-AE63-41B0-A8A4-1520D001711F}.Release|x64.ActiveCfg = Release|Any CPU
		{B842E979-AE63-41B0-A8A4-1520D001711F}.Release|x64.Build.0 = Release|Any CPU
		{B842E979-AE63-41B0-A8A4-1520D001711F}.Release|x86.ActiveCfg = Release|Any CPU
		{B842E979-AE63-41B0-A8A4-1520D001711F}.Release|x86.Build.0 = Release|Any CPU
	EndGlobalSection
	GlobalSection(SolutionProperties) = preSolution
		HideSolutionNode = FALSE
	EndGlobalSection
	GlobalSection(ExtensibilityGlobals) = postSolution
		SolutionGuid = {72D1DC2D-C9DA-4EEB-AE4A-46A85F3D95BD}
	EndGlobalSection
EndGlobal
